// !$*UTF8*$!
{
	archiveVersion = 1;
	classes = {
	};
	objectVersion = 50;
	objects = {

/* Begin PBXBuildFile section */
		20C843AB24E773C6002A2FDE /* CustomPickerSwiftUIApp.swift in Sources */ = {isa = PBXBuildFile; fileRef = 20C843AA24E773C6002A2FDE /* CustomPickerSwiftUIApp.swift */; };
		20C843AD24E773C6002A2FDE /* ContentView.swift in Sources */ = {isa = PBXBuildFile; fileRef = 20C843AC24E773C6002A2FDE /* ContentView.swift */; };
		20C843AF24E773C7002A2FDE /* Assets.xcassets in Resources */ = {isa = PBXBuildFile; fileRef = 20C843AE24E773C7002A2FDE /* Assets.xcassets */; };
		20C843B224E773C7002A2FDE /* Preview Assets.xcassets in Resources */ = {isa = PBXBuildFile; fileRef = 20C843B124E773C7002A2FDE /* Preview Assets.xcassets */; };
		20C843BD24E773C7002A2FDE /* CustomPickerSwiftUITests.swift in Sources */ = {isa = PBXBuildFile; fileRef = 20C843BC24E773C7002A2FDE /* CustomPickerSwiftUITests.swift */; };
		20C843C824E773C7002A2FDE /* CustomPickerSwiftUIUITests.swift in Sources */ = {isa = PBXBuildFile; fileRef = 20C843C724E773C7002A2FDE /* CustomPickerSwiftUIUITests.swift */; };
/* End PBXBuildFile section */

/* Begin PBXContainerItemProxy section */
		20C843B924E773C7002A2FDE /* PBXContainerItemProxy */ = {
			isa = PBXContainerItemProxy;
			containerPortal = 20C8439F24E773C6002A2FDE /* Project object */;
			proxyType = 1;
			remoteGlobalIDString = 20C843A624E773C6002A2FDE;
			remoteInfo = CustomPickerSwiftUI;
		};
		20C843C424E773C7002A2FDE /* PBXContainerItemProxy */ = {
			isa = PBXContainerItemProxy;
			containerPortal = 20C8439F24E773C6002A2FDE /* Project object */;
			proxyType = 1;
			remoteGlobalIDString = 20C843A624E773C6002A2FDE;
			remoteInfo = CustomPickerSwiftUI;
		};
/* End PBXContainerItemProxy section */

/* Begin PBXFileReference section */
		20C843A724E773C6002A2FDE /* CustomPickerSwiftUI.app */ = {isa = PBXFileReference; explicitFileType = wrapper.application; includeInIndex = 0; path = CustomPickerSwiftUI.app; sourceTree = BUILT_PRODUCTS_DIR; };
		20C843AA24E773C6002A2FDE /* CustomPickerSwiftUIApp.swift */ = {isa = PBXFileReference; lastKnownFileType = sourcecode.swift; path = CustomPickerSwiftUIApp.swift; sourceTree = "<group>"; };
		20C843AC24E773C6002A2FDE /* ContentView.swift */ = {isa = PBXFileReference; lastKnownFileType = sourcecode.swift; path = ContentView.swift; sourceTree = "<group>"; };
		20C843AE24E773C7002A2FDE /* Assets.xcassets */ = {isa = PBXFileReference; lastKnownFileType = folder.assetcatalog; path = Assets.xcassets; sourceTree = "<group>"; };
		20C843B124E773C7002A2FDE /* Preview Assets.xcassets */ = {isa = PBXFileReference; lastKnownFileType = folder.assetcatalog; path = "Preview Assets.xcassets"; sourceTree = "<group>"; };
		20C843B324E773C7002A2FDE /* Info.plist */ = {isa = PBXFileReference; lastKnownFileType = text.plist.xml; path = Info.plist; sourceTree = "<group>"; };
		20C843B824E773C7002A2FDE /* CustomPickerSwiftUITests.xctest */ = {isa = PBXFileReference; explicitFileType = wrapper.cfbundle; includeInIndex = 0; path = CustomPickerSwiftUITests.xctest; sourceTree = BUILT_PRODUCTS_DIR; };
		20C843BC24E773C7002A2FDE /* CustomPickerSwiftUITests.swift */ = {isa = PBXFileReference; lastKnownFileType = sourcecode.swift; path = CustomPickerSwiftUITests.swift; sourceTree = "<group>"; };
		20C843BE24E773C7002A2FDE /* Info.plist */ = {isa = PBXFileReference; lastKnownFileType = text.plist.xml; path = Info.plist; sourceTree = "<group>"; };
		20C843C324E773C7002A2FDE /* CustomPickerSwiftUIUITests.xctest */ = {isa = PBXFileReference; explicitFileType = wrapper.cfbundle; includeInIndex = 0; path = CustomPickerSwiftUIUITests.xctest; sourceTree = BUILT_PRODUCTS_DIR; };
		20C843C724E773C7002A2FDE /* CustomPickerSwiftUIUITests.swift */ = {isa = PBXFileReference; lastKnownFileType = sourcecode.swift; path = CustomPickerSwiftUIUITests.swift; sourceTree = "<group>"; };
		20C843C924E773C7002A2FDE /* Info.plist */ = {isa = PBXFileReference; lastKnownFileType = text.plist.xml; path = Info.plist; sourceTree = "<group>"; };
/* End PBXFileReference section */

/* Begin PBXFrameworksBuildPhase section */
		20C843A424E773C6002A2FDE /* Frameworks */ = {
			isa = PBXFrameworksBuildPhase;
			buildActionMask = 2147483647;
			files = (
			);
			runOnlyForDeploymentPostprocessing = 0;
		};
		20C843B524E773C7002A2FDE /* Frameworks */ = {
			isa = PBXFrameworksBuildPhase;
			buildActionMask = 2147483647;
			files = (
			);
			runOnlyForDeploymentPostprocessing = 0;
		};
		20C843C024E773C7002A2FDE /* Frameworks */ = {
			isa = PBXFrameworksBuildPhase;
			buildActionMask = 2147483647;
			files = (
			);
			runOnlyForDeploymentPostprocessing = 0;
		};
/* End PBXFrameworksBuildPhase section */

/* Begin PBXGroup section */
		20C8439E24E773C6002A2FDE = {
			isa = PBXGroup;
			children = (
				20C843A924E773C6002A2FDE /* CustomPickerSwiftUI */,
				20C843BB24E773C7002A2FDE /* CustomPickerSwiftUITests */,
				20C843C624E773C7002A2FDE /* CustomPickerSwiftUIUITests */,
				20C843A824E773C6002A2FDE /* Products */,
			);
			sourceTree = "<group>";
		};
		20C843A824E773C6002A2FDE /* Products */ = {
			isa = PBXGroup;
			children = (
				20C843A724E773C6002A2FDE /* CustomPickerSwiftUI.app */,
				20C843B824E773C7002A2FDE /* CustomPickerSwiftUITests.xctest */,
				20C843C324E773C7002A2FDE /* CustomPickerSwiftUIUITests.xctest */,
			);
			name = Products;
			sourceTree = "<group>";
		};
		20C843A924E773C6002A2FDE /* CustomPickerSwiftUI */ = {
			isa = PBXGroup;
			children = (
				20C843AA24E773C6002A2FDE /* CustomPickerSwiftUIApp.swift */,
				20C843AC24E773C6002A2FDE /* ContentView.swift */,
				20C843AE24E773C7002A2FDE /* Assets.xcassets */,
				20C843B324E773C7002A2FDE /* Info.plist */,
				20C843B024E773C7002A2FDE /* Preview Content */,
			);
			path = CustomPickerSwiftUI;
			sourceTree = "<group>";
		};
		20C843B024E773C7002A2FDE /* Preview Content */ = {
			isa = PBXGroup;
			children = (
				20C843B124E773C7002A2FDE /* Preview Assets.xcassets */,
			);
			path = "Preview Content";
			sourceTree = "<group>";
		};
		20C843BB24E773C7002A2FDE /* CustomPickerSwiftUITests */ = {
			isa = PBXGroup;
			children = (
				20C843BC24E773C7002A2FDE /* CustomPickerSwiftUITests.swift */,
				20C843BE24E773C7002A2FDE /* Info.plist */,
			);
			path = CustomPickerSwiftUITests;
			sourceTree = "<group>";
		};
		20C843C624E773C7002A2FDE /* CustomPickerSwiftUIUITests */ = {
			isa = PBXGroup;
			children = (
				20C843C724E773C7002A2FDE /* CustomPickerSwiftUIUITests.swift */,
				20C843C924E773C7002A2FDE /* Info.plist */,
			);
			path = CustomPickerSwiftUIUITests;
			sourceTree = "<group>";
		};
/* End PBXGroup section */

/* Begin PBXNativeTarget section */
		20C843A624E773C6002A2FDE /* CustomPickerSwiftUI */ = {
			isa = PBXNativeTarget;
			buildConfigurationList = 20C843CC24E773C7002A2FDE /* Build configuration list for PBXNativeTarget "CustomPickerSwiftUI" */;
			buildPhases = (
				20C843A324E773C6002A2FDE /* Sources */,
				20C843A424E773C6002A2FDE /* Frameworks */,
				20C843A524E773C6002A2FDE /* Resources */,
			);
			buildRules = (
			);
			dependencies = (
			);
			name = CustomPickerSwiftUI;
			productName = CustomPickerSwiftUI;
			productReference = 20C843A724E773C6002A2FDE /* CustomPickerSwiftUI.app */;
			productType = "com.apple.product-type.application";
		};
		20C843B724E773C7002A2FDE /* CustomPickerSwiftUITests */ = {
			isa = PBXNativeTarget;
			buildConfigurationList = 20C843CF24E773C7002A2FDE /* Build configuration list for PBXNativeTarget "CustomPickerSwiftUITests" */;
			buildPhases = (
				20C843B424E773C7002A2FDE /* Sources */,
				20C843B524E773C7002A2FDE /* Frameworks */,
				20C843B624E773C7002A2FDE /* Resources */,
			);
			buildRules = (
			);
			dependencies = (
				20C843BA24E773C7002A2FDE /* PBXTargetDependency */,
			);
			name = CustomPickerSwiftUITests;
			productName = CustomPickerSwiftUITests;
			productReference = 20C843B824E773C7002A2FDE /* CustomPickerSwiftUITests.xctest */;
			productType = "com.apple.product-type.bundle.unit-test";
		};
		20C843C224E773C7002A2FDE /* CustomPickerSwiftUIUITests */ = {
			isa = PBXNativeTarget;
			buildConfigurationList = 20C843D224E773C7002A2FDE /* Build configuration list for PBXNativeTarget "CustomPickerSwiftUIUITests" */;
			buildPhases = (
				20C843BF24E773C7002A2FDE /* Sources */,
				20C843C024E773C7002A2FDE /* Frameworks */,
				20C843C124E773C7002A2FDE /* Resources */,
			);
			buildRules = (
			);
			dependencies = (
				20C843C524E773C7002A2FDE /* PBXTargetDependency */,
			);
			name = CustomPickerSwiftUIUITests;
			productName = CustomPickerSwiftUIUITests;
			productReference = 20C843C324E773C7002A2FDE /* CustomPickerSwiftUIUITests.xctest */;
			productType = "com.apple.product-type.bundle.ui-testing";
		};
/* End PBXNativeTarget section */

/* Begin PBXProject section */
		20C8439F24E773C6002A2FDE /* Project object */ = {
			isa = PBXProject;
			attributes = {
				LastSwiftUpdateCheck = 1200;
				LastUpgradeCheck = 1200;
				TargetAttributes = {
					20C843A624E773C6002A2FDE = {
						CreatedOnToolsVersion = 12.0;
					};
					20C843B724E773C7002A2FDE = {
						CreatedOnToolsVersion = 12.0;
						TestTargetID = 20C843A624E773C6002A2FDE;
					};
					20C843C224E773C7002A2FDE = {
						CreatedOnToolsVersion = 12.0;
						TestTargetID = 20C843A624E773C6002A2FDE;
					};
				};
			};
			buildConfigurationList = 20C843A224E773C6002A2FDE /* Build configuration list for PBXProject "CustomPickerSwiftUI" */;
			compatibilityVersion = "Xcode 9.3";
			developmentRegion = en;
			hasScannedForEncodings = 0;
			knownRegions = (
				en,
				Base,
			);
			mainGroup = 20C8439E24E773C6002A2FDE;
			productRefGroup = 20C843A824E773C6002A2FDE /* Products */;
			projectDirPath = "";
			projectRoot = "";
			targets = (
				20C843A624E773C6002A2FDE /* CustomPickerSwiftUI */,
				20C843B724E773C7002A2FDE /* CustomPickerSwiftUITests */,
				20C843C224E773C7002A2FDE /* CustomPickerSwiftUIUITests */,
			);
		};
/* End PBXProject section */

/* Begin PBXResourcesBuildPhase section */
		20C843A524E773C6002A2FDE /* Resources */ = {
			isa = PBXResourcesBuildPhase;
			buildActionMask = 2147483647;
			files = (
				20C843B224E773C7002A2FDE /* Preview Assets.xcassets in Resources */,
				20C843AF24E773C7002A2FDE /* Assets.xcassets in Resources */,
			);
			runOnlyForDeploymentPostprocessing = 0;
		};
		20C843B624E773C7002A2FDE /* Resources */ = {
			isa = PBXResourcesBuildPhase;
			buildActionMask = 2147483647;
			files = (
			);
			runOnlyForDeploymentPostprocessing = 0;
		};
		20C843C124E773C7002A2FDE /* Resources */ = {
			isa = PBXResourcesBuildPhase;
			buildActionMask = 2147483647;
			files = (
			);
			runOnlyForDeploymentPostprocessing = 0;
		};
/* End PBXResourcesBuildPhase section */

/* Begin PBXSourcesBuildPhase section */
		20C843A324E773C6002A2FDE /* Sources */ = {
			isa = PBXSourcesBuildPhase;
			buildActionMask = 2147483647;
			files = (
				20C843AD24E773C6002A2FDE /* ContentView.swift in Sources */,
				20C843AB24E773C6002A2FDE /* CustomPickerSwiftUIApp.swift in Sources */,
			);
			runOnlyForDeploymentPostprocessing = 0;
		};
		20C843B424E773C7002A2FDE /* Sources */ = {
			isa = PBXSourcesBuildPhase;
			buildActionMask = 2147483647;
			files = (
				20C843BD24E773C7002A2FDE /* CustomPickerSwiftUITests.swift in Sources */,
			);
			runOnlyForDeploymentPostprocessing = 0;
		};
		20C843BF24E773C7002A2FDE /* Sources */ = {
			isa = PBXSourcesBuildPhase;
			buildActionMask = 2147483647;
			files = (
				20C843C824E773C7002A2FDE /* CustomPickerSwiftUIUITests.swift in Sources */,
			);
			runOnlyForDeploymentPostprocessing = 0;
		};
/* End PBXSourcesBuildPhase section */

/* Begin PBXTargetDependency section */
		20C843BA24E773C7002A2FDE /* PBXTargetDependency */ = {
			isa = PBXTargetDependency;
			target = 20C843A624E773C6002A2FDE /* CustomPickerSwiftUI */;
			targetProxy = 20C843B924E773C7002A2FDE /* PBXContainerItemProxy */;
		};
		20C843C524E773C7002A2FDE /* PBXTargetDependency */ = {
			isa = PBXTargetDependency;
			target = 20C843A624E773C6002A2FDE /* CustomPickerSwiftUI */;
			targetProxy = 20C843C424E773C7002A2FDE /* PBXContainerItemProxy */;
		};
/* End PBXTargetDependency section */

/* Begin XCBuildConfiguration section */
		20C843CA24E773C7002A2FDE /* Debug */ = {
			isa = XCBuildConfiguration;
			buildSettings = {
				ALWAYS_SEARCH_USER_PATHS = NO;
				CLANG_ANALYZER_NONNULL = YES;
				CLANG_ANALYZER_NUMBER_OBJECT_CONVERSION = YES_AGGRESSIVE;
				CLANG_CXX_LANGUAGE_STANDARD = "gnu++14";
				CLANG_CXX_LIBRARY = "libc++";
				CLANG_ENABLE_MODULES = YES;
				CLANG_ENABLE_OBJC_ARC = YES;
				CLANG_ENABLE_OBJC_WEAK = YES;
				CLANG_WARN_BLOCK_CAPTURE_AUTORELEASING = YES;
				CLANG_WARN_BOOL_CONVERSION = YES;
				CLANG_WARN_COMMA = YES;
				CLANG_WARN_CONSTANT_CONVERSION = YES;
				CLANG_WARN_DEPRECATED_OBJC_IMPLEMENTATIONS = YES;
				CLANG_WARN_DIRECT_OBJC_ISA_USAGE = YES_ERROR;
				CLANG_WARN_DOCUMENTATION_COMMENTS = YES;
				CLANG_WARN_EMPTY_BODY = YES;
				CLANG_WARN_ENUM_CONVERSION = YES;
				CLANG_WARN_INFINITE_RECURSION = YES;
				CLANG_WARN_INT_CONVERSION = YES;
				CLANG_WARN_NON_LITERAL_NULL_CONVERSION = YES;
				CLANG_WARN_OBJC_IMPLICIT_RETAIN_SELF = YES;
				CLANG_WARN_OBJC_LITERAL_CONVERSION = YES;
				CLANG_WARN_OBJC_ROOT_CLASS = YES_ERROR;
				CLANG_WARN_QUOTED_INCLUDE_IN_FRAMEWORK_HEADER = YES;
				CLANG_WARN_RANGE_LOOP_ANALYSIS = YES;
				CLANG_WARN_STRICT_PROTOTYPES = YES;
				CLANG_WARN_SUSPICIOUS_MOVE = YES;
				CLANG_WARN_UNGUARDED_AVAILABILITY = YES_AGGRESSIVE;
				CLANG_WARN_UNREACHABLE_CODE = YES;
				CLANG_WARN__DUPLICATE_METHOD_MATCH = YES;
				COPY_PHASE_STRIP = NO;
				DEBUG_INFORMATION_FORMAT = dwarf;
				ENABLE_STRICT_OBJC_MSGSEND = YES;
				ENABLE_TESTABILITY = YES;
				GCC_C_LANGUAGE_STANDARD = gnu11;
				GCC_DYNAMIC_NO_PIC = NO;
				GCC_NO_COMMON_BLOCKS = YES;
				GCC_OPTIMIZATION_LEVEL = 0;
				GCC_PREPROCESSOR_DEFINITIONS = (
					"DEBUG=1",
					"$(inherited)",
				);
				GCC_WARN_64_TO_32_BIT_CONVERSION = YES;
				GCC_WARN_ABOUT_RETURN_TYPE = YES_ERROR;
				GCC_WARN_UNDECLARED_SELECTOR = YES;
				GCC_WARN_UNINITIALIZED_AUTOS = YES_AGGRESSIVE;
				GCC_WARN_UNUSED_FUNCTION = YES;
				GCC_WARN_UNUSED_VARIABLE = YES;
				IPHONEOS_DEPLOYMENT_TARGET = 14.0;
				MTL_ENABLE_DEBUG_INFO = INCLUDE_SOURCE;
				MTL_FAST_MATH = YES;
				ONLY_ACTIVE_ARCH = YES;
				SDKROOT = iphoneos;
				SWIFT_ACTIVE_COMPILATION_CONDITIONS = DEBUG;
				SWIFT_OPTIMIZATION_LEVEL = "-Onone";
			};
			name = Debug;
		};
		20C843CB24E773C7002A2FDE /* Release */ = {
			isa = XCBuildConfiguration;
			buildSettings = {
				ALWAYS_SEARCH_USER_PATHS = NO;
				CLANG_ANALYZER_NONNULL = YES;
				CLANG_ANALYZER_NUMBER_OBJECT_CONVERSION = YES_AGGRESSIVE;
				CLANG_CXX_LANGUAGE_STANDARD = "gnu++14";
				CLANG_CXX_LIBRARY = "libc++";
				CLANG_ENABLE_MODULES = YES;
				CLANG_ENABLE_OBJC_ARC = YES;
				CLANG_ENABLE_OBJC_WEAK = YES;
				CLANG_WARN_BLOCK_CAPTURE_AUTORELEASING = YES;
				CLANG_WARN_BOOL_CONVERSION = YES;
				CLANG_WARN_COMMA = YES;
				CLANG_WARN_CONSTANT_CONVERSION = YES;
				CLANG_WARN_DEPRECATED_OBJC_IMPLEMENTATIONS = YES;
				CLANG_WARN_DIRECT_OBJC_ISA_USAGE = YES_ERROR;
				CLANG_WARN_DOCUMENTATION_COMMENTS = YES;
				CLANG_WARN_EMPTY_BODY = YES;
				CLANG_WARN_ENUM_CONVERSION = YES;
				CLANG_WARN_INFINITE_RECURSION = YES;
				CLANG_WARN_INT_CONVERSION = YES;
				CLANG_WARN_NON_LITERAL_NULL_CONVERSION = YES;
				CLANG_WARN_OBJC_IMPLICIT_RETAIN_SELF = YES;
				CLANG_WARN_OBJC_LITERAL_CONVERSION = YES;
				CLANG_WARN_OBJC_ROOT_CLASS = YES_ERROR;
				CLANG_WARN_QUOTED_INCLUDE_IN_FRAMEWORK_HEADER = YES;
				CLANG_WARN_RANGE_LOOP_ANALYSIS = YES;
				CLANG_WARN_STRICT_PROTOTYPES = YES;
				CLANG_WARN_SUSPICIOUS_MOVE = YES;
				CLANG_WARN_UNGUARDED_AVAILABILITY = YES_AGGRESSIVE;
				CLANG_WARN_UNREACHABLE_CODE = YES;
				CLANG_WARN__DUPLICATE_METHOD_MATCH = YES;
				COPY_PHASE_STRIP = NO;
				DEBUG_INFORMATION_FORMAT = "dwarf-with-dsym";
				ENABLE_NS_ASSERTIONS = NO;
				ENABLE_STRICT_OBJC_MSGSEND = YES;
				GCC_C_LANGUAGE_STANDARD = gnu11;
				GCC_NO_COMMON_BLOCKS = YES;
				GCC_WARN_64_TO_32_BIT_CONVERSION = YES;
				GCC_WARN_ABOUT_RETURN_TYPE = YES_ERROR;
				GCC_WARN_UNDECLARED_SELECTOR = YES;
				GCC_WARN_UNINITIALIZED_AUTOS = YES_AGGRESSIVE;
				GCC_WARN_UNUSED_FUNCTION = YES;
				GCC_WARN_UNUSED_VARIABLE = YES;
				IPHONEOS_DEPLOYMENT_TARGET = 14.0;
				MTL_ENABLE_DEBUG_INFO = NO;
				MTL_FAST_MATH = YES;
				SDKROOT = iphoneos;
				SWIFT_COMPILATION_MODE = wholemodule;
				SWIFT_OPTIMIZATION_LEVEL = "-O";
				VALIDATE_PRODUCT = YES;
			};
			name = Release;
		};
		20C843CD24E773C7002A2FDE /* Debug */ = {
			isa = XCBuildConfiguration;
			buildSettings = {
				ASSETCATALOG_COMPILER_APPICON_NAME = AppIcon;
				ASSETCATALOG_COMPILER_GLOBAL_ACCENT_COLOR_NAME = AccentColor;
				CODE_SIGN_STYLE = Automatic;
				DEVELOPMENT_ASSET_PATHS = "\"CustomPickerSwiftUI/Preview Content\"";
				DEVELOPMENT_TEAM = 84N6H5Z65V;
				ENABLE_PREVIEWS = YES;
				INFOPLIST_FILE = CustomPickerSwiftUI/Info.plist;
				IPHONEOS_DEPLOYMENT_TARGET = 14.0;
				LD_RUNPATH_SEARCH_PATHS = (
					"$(inherited)",
					"@executable_path/Frameworks",
				);
				PRODUCT_BUNDLE_IDENTIFIER = com.ridgewoodwc.CustomPickerSwiftUI;
				PRODUCT_NAME = "$(TARGET_NAME)";
				SWIFT_VERSION = 5.0;
				TARGETED_DEVICE_FAMILY = "1,2";
			};
			name = Debug;
		};
		20C843CE24E773C7002A2FDE /* Release */ = {
			isa = XCBuildConfiguration;
			buildSettings = {
				ASSETCATALOG_COMPILER_APPICON_NAME = AppIcon;
				ASSETCATALOG_COMPILER_GLOBAL_ACCENT_COLOR_NAME = AccentColor;
				CODE_SIGN_STYLE = Automatic;
				DEVELOPMENT_ASSET_PATHS = "\"CustomPickerSwiftUI/Preview Content\"";
				DEVELOPMENT_TEAM = 84N6H5Z65V;
				ENABLE_PREVIEWS = YES;
				INFOPLIST_FILE = CustomPickerSwiftUI/Info.plist;
				IPHONEOS_DEPLOYMENT_TARGET = 14.0;
				LD_RUNPATH_SEARCH_PATHS = (
					"$(inherited)",
					"@executable_path/Frameworks",
				);
				PRODUCT_BUNDLE_IDENTIFIER = com.ridgewoodwc.CustomPickerSwiftUI;
				PRODUCT_NAME = "$(TARGET_NAME)";
				SWIFT_VERSION = 5.0;
				TARGETED_DEVICE_FAMILY = "1,2";
			};
			name = Release;
		};
		20C843D024E773C7002A2FDE /* Debug */ = {
			isa = XCBuildConfiguration;
			buildSettings = {
				ALWAYS_EMBED_SWIFT_STANDARD_LIBRARIES = YES;
				BUNDLE_LOADER = "$(TEST_HOST)";
				CODE_SIGN_STYLE = Automatic;
				DEVELOPMENT_TEAM = 84N6H5Z65V;
				INFOPLIST_FILE = CustomPickerSwiftUITests/Info.plist;
				IPHONEOS_DEPLOYMENT_TARGET = 14.0;
				LD_RUNPATH_SEARCH_PATHS = (
					"$(inherited)",
					"@executable_path/Frameworks",
					"@loader_path/Frameworks",
				);
				PRODUCT_BUNDLE_IDENTIFIER = com.ridgewoodwc.CustomPickerSwiftUITests;
				PRODUCT_NAME = "$(TARGET_NAME)";
				SWIFT_VERSION = 5.0;
				TARGETED_DEVICE_FAMILY = "1,2";
				TEST_HOST = "$(BUILT_PRODUCTS_DIR)/CustomPickerSwiftUI.app/CustomPickerSwiftUI";
			};
			name = Debug;
		};
		20C843D124E773C7002A2FDE /* Release */ = {
			isa = XCBuildConfiguration;
			buildSettings = {
				ALWAYS_EMBED_SWIFT_STANDARD_LIBRARIES = YES;
				BUNDLE_LOADER = "$(TEST_HOST)";
				CODE_SIGN_STYLE = Automatic;
				DEVELOPMENT_TEAM = 84N6H5Z65V;
				INFOPLIST_FILE = CustomPickerSwiftUITests/Info.plist;
				IPHONEOS_DEPLOYMENT_TARGET = 14.0;
				LD_RUNPATH_SEARCH_PATHS = (
					"$(inherited)",
					"@executable_path/Frameworks",
					"@loader_path/Frameworks",
				);
				PRODUCT_BUNDLE_IDENTIFIER = com.ridgewoodwc.CustomPickerSwiftUITests;
				PRODUCT_NAME = "$(TARGET_NAME)";
				SWIFT_VERSION = 5.0;
				TARGETED_DEVICE_FAMILY = "1,2";
				TEST_HOST = "$(BUILT_PRODUCTS_DIR)/CustomPickerSwiftUI.app/CustomPickerSwiftUI";
			};
			name = Release;
		};
		20C843D324E773C7002A2FDE /* Debug */ = {
			isa = XCBuildConfiguration;
			buildSettings = {
				ALWAYS_EMBED_SWIFT_STANDARD_LIBRARIES = YES;
				CODE_SIGN_STYLE = Automatic;
				DEVELOPMENT_TEAM = 84N6H5Z65V;
				INFOPLIST_FILE = CustomPickerSwiftUIUITests/Info.plist;
				LD_RUNPATH_SEARCH_PATHS = (
					"$(inherited)",
					"@executable_path/Frameworks",
					"@loader_path/Frameworks",
				);
				PRODUCT_BUNDLE_IDENTIFIER = com.ridgewoodwc.CustomPickerSwiftUIUITests;
				PRODUCT_NAME = "$(TARGET_NAME)";
				SWIFT_VERSION = 5.0;
				TARGETED_DEVICE_FAMILY = "1,2";
				TEST_TARGET_NAME = CustomPickerSwiftUI;
			};
			name = Debug;
		};
		20C843D424E773C7002A2FDE /* Release */ = {
			isa = XCBuildConfiguration;
			buildSettings = {
				ALWAYS_EMBED_SWIFT_STANDARD_LIBRARIES = YES;
				CODE_SIGN_STYLE = Automatic;
				DEVELOPMENT_TEAM = 84N6H5Z65V;
				INFOPLIST_FILE = CustomPickerSwiftUIUITests/Info.plist;
				LD_RUNPATH_SEARCH_PATHS = (
					"$(inherited)",
					"@executable_path/Frameworks",
					"@loader_path/Frameworks",
				);
				PRODUCT_BUNDLE_IDENTIFIER = com.ridgewoodwc.CustomPickerSwiftUIUITests;
				PRODUCT_NAME = "$(TARGET_NAME)";
				SWIFT_VERSION = 5.0;
				TARGETED_DEVICE_FAMILY = "1,2";
				TEST_TARGET_NAME = CustomPickerSwiftUI;
			};
			name = Release;
		};
/* End XCBuildConfiguration section */

/* Begin XCConfigurationList section */
		20C843A224E773C6002A2FDE /* Build configuration list for PBXProject "CustomPickerSwiftUI" */ = {
			isa = XCConfigurationList;
			buildConfigurations = (
				20C843CA24E773C7002A2FDE /* Debug */,
				20C843CB24E773C7002A2FDE /* Release */,
			);
			defaultConfigurationIsVisible = 0;
			defaultConfigurationName = Release;
		};
		20C843CC24E773C7002A2FDE /* Build configuration list for PBXNativeTarget "CustomPickerSwiftUI" */ = {
			isa = XCConfigurationList;
			buildConfigurations = (
				20C843CD24E773C7002A2FDE /* Debug */,
				20C843CE24E773C7002A2FDE /* Release */,
			);
			defaultConfigurationIsVisible = 0;
			defaultConfigurationName = Release;
		};
		20C843CF24E773C7002A2FDE /* Build configuration list for PBXNativeTarget "CustomPickerSwiftUITests" */ = {
			isa = XCConfigurationList;
			buildConfigurations = (
				20C843D024E773C7002A2FDE /* Debug */,
				20C843D124E773C7002A2FDE /* Release */,
			);
			defaultConfigurationIsVisible = 0;
			defaultConfigurationName = Release;
		};
		20C843D224E773C7002A2FDE /* Build configuration list for PBXNativeTarget "CustomPickerSwiftUIUITests" */ = {
			isa = XCConfigurationList;
			buildConfigurations = (
				20C843D324E773C7002A2FDE /* Debug */,
				20C843D424E773C7002A2FDE /* Release */,
			);
			defaultConfigurationIsVisible = 0;
			defaultConfigurationName = Release;
		};
/* End XCConfigurationList section */
	};
	rootObject = 20C8439F24E773C6002A2FDE /* Project object */;
}
